{
  "requires": true,
  "lockfileVersion": 1,
  "dependencies": {
    "angular-persistence": {
      "version": "1.0.1",
      "resolved": "https://registry.npmjs.org/angular-persistence/-/angular-persistence-1.0.1.tgz",
      "integrity": "sha1-ef/nMX8feu2I5p8HcF8KwyzNudo="
    },
    "angular2-ui-switch": {
      "version": "1.2.0",
      "resolved": "https://registry.npmjs.org/angular2-ui-switch/-/angular2-ui-switch-1.2.0.tgz",
      "integrity": "sha1-CWoszD7tBueO92EwzSeoIg4sClA="
    }
  }
}
